
Microsoft Visual Studio Solution File, Format Version 12.00
Project("{FAE04EC0-301F-11D3-BF4B-00C04F79EFBC}") = "vassilyev.SimpleWorldApp.API", "vassilyev.SimpleWorldApp.API\vassilyev.SimpleWorldApp.API.csproj", "{AF27E721-D143-4022-B35C-8C4AD14970F7}"
EndProject
Global
	GlobalSection(SolutionConfigurationPlatforms) = preSolution
		Debug|Any CPU = Debug|Any CPU
		Release|Any CPU = Release|Any CPU
	EndGlobalSection
	GlobalSection(ProjectConfigurationPlatforms) = postSolution
		{AF27E721-D143-4022-B35C-8C4AD14970F7}.Debug|Any CPU.ActiveCfg = Debug|Any CPU
		{AF27E721-D143-4022-B35C-8C4AD14970F7}.Debug|Any CPU.Build.0 = Debug|Any CPU
		{AF27E721-D143-4022-B35C-8C4AD14970F7}.Release|Any CPU.ActiveCfg = Release|Any CPU
		{AF27E721-D143-4022-B35C-8C4AD14970F7}.Release|Any CPU.Build.0 = Release|Any CPU
	EndGlobalSection
EndGlobal
